
Microsoft Visual Studio Solution File, Format Version 12.00
# Visual Studio Version 17
VisualStudioVersion = 17.10.34902.84
MinimumVisualStudioVersion = 10.0.40219.1
Project("{FAE04EC0-301F-11D3-BF4B-00C04F79EFBC}") = "Builder", "Builder\Builder.csproj", "{857B5C26-3476-41E7-8BD8-10AEE1E6F23A}"
EndProject
Global
	GlobalSection(SolutionConfigurationPlatforms) = preSolution
		Debug|Any CPU = Debug|Any CPU
		Release|Any CPU = Release|Any CPU
	EndGlobalSection
	GlobalSection(ProjectConfigurationPlatforms) = postSolution
		{857B5C26-3476-41E7-8BD8-10AEE1E6F23A}.Debug|Any CPU.ActiveCfg = Debug|Any CPU
		{857B5C26-3476-41E7-8BD8-10AEE1E6F23A}.Debug|Any CPU.Build.0 = Debug|Any CPU
		{857B5C26-3476-41E7-8BD8-10AEE1E6F23A}.Release|Any CPU.ActiveCfg = Release|Any CPU
		{857B5C26-3476-41E7-8BD8-10AEE1E6F23A}.Release|Any CPU.Build.0 = Release|Any CPU
	EndGlobalSection
	GlobalSection(SolutionProperties) = preSolution
		HideSolutionNode = FALSE
	EndGlobalSection
	GlobalSection(ExtensibilityGlobals) = postSolution
		SolutionGuid = {5859EDED-6122-497D-BF02-D007C3370906}
	EndGlobalSection
EndGlobal
