
Microsoft Visual Studio Solution File, Format Version 12.00
# Visual Studio Version 17
VisualStudioVersion = 17.10.34902.84
MinimumVisualStudioVersion = 10.0.40219.1
Project("{FAE04EC0-301F-11D3-BF4B-00C04F79EFBC}") = "SingletonClasses", "SingletonClasses\SingletonClasses.csproj", "{47E4B872-15B8-4FDB-B057-CC0B0EA82931}"
EndProject
Global
	GlobalSection(SolutionConfigurationPlatforms) = preSolution
		Debug|Any CPU = Debug|Any CPU
		Release|Any CPU = Release|Any CPU
	EndGlobalSection
	GlobalSection(ProjectConfigurationPlatforms) = postSolution
		{47E4B872-15B8-4FDB-B057-CC0B0EA82931}.Debug|Any CPU.ActiveCfg = Debug|Any CPU
		{47E4B872-15B8-4FDB-B057-CC0B0EA82931}.Debug|Any CPU.Build.0 = Debug|Any CPU
		{47E4B872-15B8-4FDB-B057-CC0B0EA82931}.Release|Any CPU.ActiveCfg = Release|Any CPU
		{47E4B872-15B8-4FDB-B057-CC0B0EA82931}.Release|Any CPU.Build.0 = Release|Any CPU
	EndGlobalSection
	GlobalSection(SolutionProperties) = preSolution
		HideSolutionNode = FALSE
	EndGlobalSection
	GlobalSection(ExtensibilityGlobals) = postSolution
		SolutionGuid = {6659343A-31CC-40E1-993F-BD2D4C7D2E5A}
	EndGlobalSection
EndGlobal
